
Microsoft Visual Studio Solution File, Format Version 12.00
# Visual Studio Version 17
VisualStudioVersion = 17.0.31903.59
MinimumVisualStudioVersion = 10.0.40219.1
Project("{9A19103F-16F7-4668-BE54-9A1E7A4F7556}") = "DivVisualizer", "src\DivVisualizer\DivVisualizer.csproj", "{9D16078D-2766-4C48-BEAF-4F6D4AB22AC2}"
EndProject
Project("{2150E333-8FDC-42A3-9474-1A3956D46DE8}") = "src", "src", "{85D0C8F0-0B95-4D9D-867F-4281C81F0767}"
EndProject
Project("{2150E333-8FDC-42A3-9474-1A3956D46DE8}") = "tests", "tests", "{9E661DE8-9632-4C50-BC18-DF0A45E25AA7}"
EndProject
Project("{9A19103F-16F7-4668-BE54-9A1E7A4F7556}") = "DivVisualizer.Tests", "tests\DivVisualizer.Tests\DivVisualizer.Tests.csproj", "{4867D921-AB3A-4294-A047-3B5979637BDC}"
EndProject
Project("{9A19103F-16F7-4668-BE54-9A1E7A4F7556}") = "_build", "build\_build.csproj", "{ED54FBD5-FFE8-41CD-93AA-CFB4624EABFC}"
EndProject
Project("{2150E333-8FDC-42A3-9474-1A3956D46DE8}") = "Solution Items", "Solution Items", "{3F63D334-7FCB-4941-A315-D907D5ABA316}"
	ProjectSection(SolutionItems) = preProject
		CHANGELOG.md = CHANGELOG.md
		GitVersion.yml = GitVersion.yml
		LICENSE.txt = LICENSE.txt
		README.md = README.md
	EndProjectSection
EndProject
Global
	GlobalSection(SolutionConfigurationPlatforms) = preSolution
		Debug|Any CPU = Debug|Any CPU
		Release|Any CPU = Release|Any CPU
	EndGlobalSection
	GlobalSection(ProjectConfigurationPlatforms) = postSolution
		{9D16078D-2766-4C48-BEAF-4F6D4AB22AC2}.Debug|Any CPU.ActiveCfg = Debug|Any CPU
		{9D16078D-2766-4C48-BEAF-4F6D4AB22AC2}.Debug|Any CPU.Build.0 = Debug|Any CPU
		{9D16078D-2766-4C48-BEAF-4F6D4AB22AC2}.Release|Any CPU.ActiveCfg = Release|Any CPU
		{9D16078D-2766-4C48-BEAF-4F6D4AB22AC2}.Release|Any CPU.Build.0 = Release|Any CPU
		{4867D921-AB3A-4294-A047-3B5979637BDC}.Debug|Any CPU.ActiveCfg = Debug|Any CPU
		{4867D921-AB3A-4294-A047-3B5979637BDC}.Debug|Any CPU.Build.0 = Debug|Any CPU
		{4867D921-AB3A-4294-A047-3B5979637BDC}.Release|Any CPU.ActiveCfg = Release|Any CPU
		{4867D921-AB3A-4294-A047-3B5979637BDC}.Release|Any CPU.Build.0 = Release|Any CPU
		{ED54FBD5-FFE8-41CD-93AA-CFB4624EABFC}.Debug|Any CPU.ActiveCfg = Debug|Any CPU
		{ED54FBD5-FFE8-41CD-93AA-CFB4624EABFC}.Release|Any CPU.ActiveCfg = Release|Any CPU
	EndGlobalSection
	GlobalSection(SolutionProperties) = preSolution
		HideSolutionNode = FALSE
	EndGlobalSection
	GlobalSection(NestedProjects) = preSolution
		{9D16078D-2766-4C48-BEAF-4F6D4AB22AC2} = {85D0C8F0-0B95-4D9D-867F-4281C81F0767}
		{4867D921-AB3A-4294-A047-3B5979637BDC} = {9E661DE8-9632-4C50-BC18-DF0A45E25AA7}
	EndGlobalSection
	GlobalSection(ExtensibilityGlobals) = postSolution
		SolutionGuid = {E53F669F-E3DA-46A5-8EE2-4115C529E5BA}
	EndGlobalSection
EndGlobal
